// !$*UTF8*$!
{
	archiveVersion = 1;
	classes = {
	};
	objectVersion = 46;
	objects = {

/* Begin PBXBuildFile section */
		6DFFAE231B569DE3006AD46B /* AppDelegate.swift in Sources */ = {isa = PBXBuildFile; fileRef = 6DFFAE221B569DE3006AD46B /* AppDelegate.swift */; };
		6DFFAE251B569DE3006AD46B /* ViewController.swift in Sources */ = {isa = PBXBuildFile; fileRef = 6DFFAE241B569DE3006AD46B /* ViewController.swift */; };
		6DFFAE281B569DE3006AD46B /* Main.storyboard in Resources */ = {isa = PBXBuildFile; fileRef = 6DFFAE261B569DE3006AD46B /* Main.storyboard */; };
		6DFFAE2A1B569DE3006AD46B /* Images.xcassets in Resources */ = {isa = PBXBuildFile; fileRef = 6DFFAE291B569DE3006AD46B /* Images.xcassets */; };
		6DFFAE2D1B569DE3006AD46B /* LaunchScreen.xib in Resources */ = {isa = PBXBuildFile; fileRef = 6DFFAE2B1B569DE3006AD46B /* LaunchScreen.xib */; };
		6DFFAE391B569DE3006AD46B /* BenchmarksTests.swift in Sources */ = {isa = PBXBuildFile; fileRef = 6DFFAE381B569DE3006AD46B /* BenchmarksTests.swift */; };
		6DFFAE461B569F32006AD46B /* JASON.framework in Frameworks */ = {isa = PBXBuildFile; fileRef = 6DFFAE441B569F32006AD46B /* JASON.framework */; };
		6DFFAE471B569F32006AD46B /* SwiftyJSON.framework in Frameworks */ = {isa = PBXBuildFile; fileRef = 6DFFAE451B569F32006AD46B /* SwiftyJSON.framework */; };
		6DFFAE491B56A06B006AD46B /* JASON.framework in Frameworks */ = {isa = PBXBuildFile; fileRef = 6DFFAE441B569F32006AD46B /* JASON.framework */; };
		6DFFAE4A1B56A06E006AD46B /* SwiftyJSON.framework in Frameworks */ = {isa = PBXBuildFile; fileRef = 6DFFAE451B569F32006AD46B /* SwiftyJSON.framework */; };
/* End PBXBuildFile section */

/* Begin PBXContainerItemProxy section */
		6DFFAE331B569DE3006AD46B /* PBXContainerItemProxy */ = {
			isa = PBXContainerItemProxy;
			containerPortal = 6DFFAE151B569DE3006AD46B /* Project object */;
			proxyType = 1;
			remoteGlobalIDString = 6DFFAE1C1B569DE3006AD46B;
			remoteInfo = Benchmarks;
		};
/* End PBXContainerItemProxy section */

/* Begin PBXFileReference section */
		6DFFAE1D1B569DE3006AD46B /* Benchmarks.app */ = {isa = PBXFileReference; explicitFileType = wrapper.application; includeInIndex = 0; path = Benchmarks.app; sourceTree = BUILT_PRODUCTS_DIR; };
		6DFFAE211B569DE3006AD46B /* Info.plist */ = {isa = PBXFileReference; lastKnownFileType = text.plist.xml; path = Info.plist; sourceTree = "<group>"; };
		6DFFAE221B569DE3006AD46B /* AppDelegate.swift */ = {isa = PBXFileReference; lastKnownFileType = sourcecode.swift; path = AppDelegate.swift; sourceTree = "<group>"; };
		6DFFAE241B569DE3006AD46B /* ViewController.swift */ = {isa = PBXFileReference; lastKnownFileType = sourcecode.swift; path = ViewController.swift; sourceTree = "<group>"; };
		6DFFAE271B569DE3006AD46B /* Base */ = {isa = PBXFileReference; lastKnownFileType = file.storyboard; name = Base; path = Base.lproj/Main.storyboard; sourceTree = "<group>"; };
		6DFFAE291B569DE3006AD46B /* Images.xcassets */ = {isa = PBXFileReference; lastKnownFileType = folder.assetcatalog; path = Images.xcassets; sourceTree = "<group>"; };
		6DFFAE2C1B569DE3006AD46B /* Base */ = {isa = PBXFileReference; lastKnownFileType = file.xib; name = Base; path = Base.lproj/LaunchScreen.xib; sourceTree = "<group>"; };
		6DFFAE321B569DE3006AD46B /* BenchmarksTests.xctest */ = {isa = PBXFileReference; explicitFileType = wrapper.cfbundle; includeInIndex = 0; path = BenchmarksTests.xctest; sourceTree = BUILT_PRODUCTS_DIR; };
		6DFFAE371B569DE3006AD46B /* Info.plist */ = {isa = PBXFileReference; lastKnownFileType = text.plist.xml; path = Info.plist; sourceTree = "<group>"; };
		6DFFAE381B569DE3006AD46B /* BenchmarksTests.swift */ = {isa = PBXFileReference; lastKnownFileType = sourcecode.swift; path = BenchmarksTests.swift; sourceTree = "<group>"; };
		6DFFAE441B569F32006AD46B /* JASON.framework */ = {isa = PBXFileReference; lastKnownFileType = wrapper.framework; name = JASON.framework; path = Carthage/Build/iOS/JASON.framework; sourceTree = "<group>"; };
		6DFFAE451B569F32006AD46B /* SwiftyJSON.framework */ = {isa = PBXFileReference; lastKnownFileType = wrapper.framework; name = SwiftyJSON.framework; path = Carthage/Build/iOS/SwiftyJSON.framework; sourceTree = "<group>"; };
/* End PBXFileReference section */

/* Begin PBXFrameworksBuildPhase section */
		6DFFAE1A1B569DE3006AD46B /* Frameworks */ = {
			isa = PBXFrameworksBuildPhase;
			buildActionMask = 2147483647;
			files = (
				6DFFAE461B569F32006AD46B /* JASON.framework in Frameworks */,
				6DFFAE471B569F32006AD46B /* SwiftyJSON.framework in Frameworks */,
			);
			runOnlyForDeploymentPostprocessing = 0;
		};
		6DFFAE2F1B569DE3006AD46B /* Frameworks */ = {
			isa = PBXFrameworksBuildPhase;
			buildActionMask = 2147483647;
			files = (
				6DFFAE4A1B56A06E006AD46B /* SwiftyJSON.framework in Frameworks */,
				6DFFAE491B56A06B006AD46B /* JASON.framework in Frameworks */,
			);
			runOnlyForDeploymentPostprocessing = 0;
		};
/* End PBXFrameworksBuildPhase section */

/* Begin PBXGroup section */
		6DFFAE141B569DE3006AD46B = {
			isa = PBXGroup;
			children = (
				6DFFAE441B569F32006AD46B /* JASON.framework */,
				6DFFAE451B569F32006AD46B /* SwiftyJSON.framework */,
				6DFFAE1F1B569DE3006AD46B /* Benchmarks */,
				6DFFAE351B569DE3006AD46B /* BenchmarksTests */,
				6DFFAE1E1B569DE3006AD46B /* Products */,
			);
			sourceTree = "<group>";
		};
		6DFFAE1E1B569DE3006AD46B /* Products */ = {
			isa = PBXGroup;
			children = (
				6DFFAE1D1B569DE3006AD46B /* Benchmarks.app */,
				6DFFAE321B569DE3006AD46B /* BenchmarksTests.xctest */,
			);
			name = Products;
			sourceTree = "<group>";
		};
		6DFFAE1F1B569DE3006AD46B /* Benchmarks */ = {
			isa = PBXGroup;
			children = (
				6DFFAE221B569DE3006AD46B /* AppDelegate.swift */,
				6DFFAE241B569DE3006AD46B /* ViewController.swift */,
				6DFFAE261B569DE3006AD46B /* Main.storyboard */,
				6DFFAE291B569DE3006AD46B /* Images.xcassets */,
				6DFFAE2B1B569DE3006AD46B /* LaunchScreen.xib */,
				6DFFAE201B569DE3006AD46B /* Supporting Files */,
			);
			path = Benchmarks;
			sourceTree = "<group>";
		};
		6DFFAE201B569DE3006AD46B /* Supporting Files */ = {
			isa = PBXGroup;
			children = (
				6DFFAE211B569DE3006AD46B /* Info.plist */,
			);
			name = "Supporting Files";
			sourceTree = "<group>";
		};
		6DFFAE351B569DE3006AD46B /* BenchmarksTests */ = {
			isa = PBXGroup;
			children = (
				6DFFAE381B569DE3006AD46B /* BenchmarksTests.swift */,
				6DFFAE361B569DE3006AD46B /* Supporting Files */,
			);
			path = BenchmarksTests;
			sourceTree = "<group>";
		};
		6DFFAE361B569DE3006AD46B /* Supporting Files */ = {
			isa = PBXGroup;
			children = (
				6DFFAE371B569DE3006AD46B /* Info.plist */,
			);
			name = "Supporting Files";
			sourceTree = "<group>";
		};
/* End PBXGroup section */

/* Begin PBXNativeTarget section */
		6DFFAE1C1B569DE3006AD46B /* Benchmarks */ = {
			isa = PBXNativeTarget;
			buildConfigurationList = 6DFFAE3C1B569DE3006AD46B /* Build configuration list for PBXNativeTarget "Benchmarks" */;
			buildPhases = (
				6DFFAE191B569DE3006AD46B /* Sources */,
				6DFFAE1A1B569DE3006AD46B /* Frameworks */,
				6DFFAE1B1B569DE3006AD46B /* Resources */,
				6DFFAE481B569F3D006AD46B /* ShellScript */,
			);
			buildRules = (
			);
			dependencies = (
			);
			name = Benchmarks;
			productName = Benchmarks;
			productReference = 6DFFAE1D1B569DE3006AD46B /* Benchmarks.app */;
			productType = "com.apple.product-type.application";
		};
		6DFFAE311B569DE3006AD46B /* BenchmarksTests */ = {
			isa = PBXNativeTarget;
			buildConfigurationList = 6DFFAE3F1B569DE3006AD46B /* Build configuration list for PBXNativeTarget "BenchmarksTests" */;
			buildPhases = (
				6DFFAE2E1B569DE3006AD46B /* Sources */,
				6DFFAE2F1B569DE3006AD46B /* Frameworks */,
				6DFFAE301B569DE3006AD46B /* Resources */,
			);
			buildRules = (
			);
			dependencies = (
				6DFFAE341B569DE3006AD46B /* PBXTargetDependency */,
			);
			name = BenchmarksTests;
			productName = BenchmarksTests;
			productReference = 6DFFAE321B569DE3006AD46B /* BenchmarksTests.xctest */;
			productType = "com.apple.product-type.bundle.unit-test";
		};
/* End PBXNativeTarget section */

/* Begin PBXProject section */
		6DFFAE151B569DE3006AD46B /* Project object */ = {
			isa = PBXProject;
			attributes = {
				LastSwiftUpdateCheck = 0730;
				LastUpgradeCheck = 0730;
				ORGANIZATIONNAME = Damien;
				TargetAttributes = {
					6DFFAE1C1B569DE3006AD46B = {
						CreatedOnToolsVersion = 6.4;
					};
					6DFFAE311B569DE3006AD46B = {
						CreatedOnToolsVersion = 6.4;
						TestTargetID = 6DFFAE1C1B569DE3006AD46B;
					};
				};
			};
			buildConfigurationList = 6DFFAE181B569DE3006AD46B /* Build configuration list for PBXProject "Benchmarks" */;
			compatibilityVersion = "Xcode 3.2";
			developmentRegion = English;
			hasScannedForEncodings = 0;
			knownRegions = (
				en,
				Base,
			);
			mainGroup = 6DFFAE141B569DE3006AD46B;
			productRefGroup = 6DFFAE1E1B569DE3006AD46B /* Products */;
			projectDirPath = "";
			projectRoot = "";
			targets = (
				6DFFAE1C1B569DE3006AD46B /* Benchmarks */,
				6DFFAE311B569DE3006AD46B /* BenchmarksTests */,
			);
		};
/* End PBXProject section */

/* Begin PBXResourcesBuildPhase section */
		6DFFAE1B1B569DE3006AD46B /* Resources */ = {
			isa = PBXResourcesBuildPhase;
			buildActionMask = 2147483647;
			files = (
				6DFFAE281B569DE3006AD46B /* Main.storyboard in Resources */,
				6DFFAE2D1B569DE3006AD46B /* LaunchScreen.xib in Resources */,
				6DFFAE2A1B569DE3006AD46B /* Images.xcassets in Resources */,
			);
			runOnlyForDeploymentPostprocessing = 0;
		};
		6DFFAE301B569DE3006AD46B /* Resources */ = {
			isa = PBXResourcesBuildPhase;
			buildActionMask = 2147483647;
			files = (
			);
			runOnlyForDeploymentPostprocessing = 0;
		};
/* End PBXResourcesBuildPhase section */

/* Begin PBXShellScriptBuildPhase section */
		6DFFAE481B569F3D006AD46B /* ShellScript */ = {
			isa = PBXShellScriptBuildPhase;
			buildActionMask = 2147483647;
			files = (
			);
			inputPaths = (
				"$(SRCROOT)/Carthage/Build/iOS/JASON.framework",
				"$(SRCROOT)/Carthage/Build/iOS/SwiftyJSON.framework",
			);
			outputPaths = (
			);
			runOnlyForDeploymentPostprocessing = 0;
			shellPath = /bin/sh;
			shellScript = "/usr/local/bin/carthage copy-frameworks";
		};
/* End PBXShellScriptBuildPhase section */

/* Begin PBXSourcesBuildPhase section */
		6DFFAE191B569DE3006AD46B /* Sources */ = {
			isa = PBXSourcesBuildPhase;
			buildActionMask = 2147483647;
			files = (
				6DFFAE251B569DE3006AD46B /* ViewController.swift in Sources */,
				6DFFAE231B569DE3006AD46B /* AppDelegate.swift in Sources */,
			);
			runOnlyForDeploymentPostprocessing = 0;
		};
		6DFFAE2E1B569DE3006AD46B /* Sources */ = {
			isa = PBXSourcesBuildPhase;
			buildActionMask = 2147483647;
			files = (
				6DFFAE391B569DE3006AD46B /* BenchmarksTests.swift in Sources */,
			);
			runOnlyForDeploymentPostprocessing = 0;
		};
/* End PBXSourcesBuildPhase section */

/* Begin PBXTargetDependency section */
		6DFFAE341B569DE3006AD46B /* PBXTargetDependency */ = {
			isa = PBXTargetDependency;
			target = 6DFFAE1C1B569DE3006AD46B /* Benchmarks */;
			targetProxy = 6DFFAE331B569DE3006AD46B /* PBXContainerItemProxy */;
		};
/* End PBXTargetDependency section */

/* Begin PBXVariantGroup section */
		6DFFAE261B569DE3006AD46B /* Main.storyboard */ = {
			isa = PBXVariantGroup;
			children = (
				6DFFAE271B569DE3006AD46B /* Base */,
			);
			name = Main.storyboard;
			sourceTree = "<group>";
		};
		6DFFAE2B1B569DE3006AD46B /* LaunchScreen.xib */ = {
			isa = PBXVariantGroup;
			children = (
				6DFFAE2C1B569DE3006AD46B /* Base */,
			);
			name = LaunchScreen.xib;
			sourceTree = "<group>";
		};
/* End PBXVariantGroup section */

/* Begin XCBuildConfiguration section */
		6DFFAE3A1B569DE3006AD46B /* Debug */ = {
			isa = XCBuildConfiguration;
			buildSettings = {
				ALWAYS_SEARCH_USER_PATHS = NO;
				CLANG_CXX_LANGUAGE_STANDARD = "gnu++0x";
				CLANG_CXX_LIBRARY = "libc++";
				CLANG_ENABLE_MODULES = YES;
				CLANG_ENABLE_OBJC_ARC = YES;
				CLANG_WARN_BOOL_CONVERSION = YES;
				CLANG_WARN_CONSTANT_CONVERSION = YES;
				CLANG_WARN_DIRECT_OBJC_ISA_USAGE = YES_ERROR;
				CLANG_WARN_EMPTY_BODY = YES;
				CLANG_WARN_ENUM_CONVERSION = YES;
				CLANG_WARN_INT_CONVERSION = YES;
				CLANG_WARN_OBJC_ROOT_CLASS = YES_ERROR;
				CLANG_WARN_UNREACHABLE_CODE = YES;
				CLANG_WARN__DUPLICATE_METHOD_MATCH = YES;
				"CODE_SIGN_IDENTITY[sdk=iphoneos*]" = "iPhone Developer";
				COPY_PHASE_STRIP = NO;
				DEBUG_INFORMATION_FORMAT = "dwarf-with-dsym";
				ENABLE_STRICT_OBJC_MSGSEND = YES;
				ENABLE_TESTABILITY = YES;
				GCC_C_LANGUAGE_STANDARD = gnu99;
				GCC_DYNAMIC_NO_PIC = NO;
				GCC_NO_COMMON_BLOCKS = YES;
				GCC_OPTIMIZATION_LEVEL = 0;
				GCC_PREPROCESSOR_DEFINITIONS = (
					"DEBUG=1",
					"$(inherited)",
				);
				GCC_SYMBOLS_PRIVATE_EXTERN = NO;
				GCC_WARN_64_TO_32_BIT_CONVERSION = YES;
				GCC_WARN_ABOUT_RETURN_TYPE = YES_ERROR;
				GCC_WARN_UNDECLARED_SELECTOR = YES;
				GCC_WARN_UNINITIALIZED_AUTOS = YES_AGGRESSIVE;
				GCC_WARN_UNUSED_FUNCTION = YES;
				GCC_WARN_UNUSED_VARIABLE = YES;
				IPHONEOS_DEPLOYMENT_TARGET = 8.4;
				MTL_ENABLE_DEBUG_INFO = YES;
				ONLY_ACTIVE_ARCH = YES;
				SDKROOT = iphoneos;
				SWIFT_OPTIMIZATION_LEVEL = "-Onone";
				TARGETED_DEVICE_FAMILY = "1,2";
			};
			name = Debug;
		};
		6DFFAE3B1B569DE3006AD46B /* Release */ = {
			isa = XCBuildConfiguration;
			buildSettings = {
				ALWAYS_SEARCH_USER_PATHS = NO;
				CLANG_CXX_LANGUAGE_STANDARD = "gnu++0x";
				CLANG_CXX_LIBRARY = "libc++";
				CLANG_ENABLE_MODULES = YES;
				CLANG_ENABLE_OBJC_ARC = YES;
				CLANG_WARN_BOOL_CONVERSION = YES;
				CLANG_WARN_CONSTANT_CONVERSION = YES;
				CLANG_WARN_DIRECT_OBJC_ISA_USAGE = YES_ERROR;
				CLANG_WARN_EMPTY_BODY = YES;
				CLANG_WARN_ENUM_CONVERSION = YES;
				CLANG_WARN_INT_CONVERSION = YES;
				CLANG_WARN_OBJC_ROOT_CLASS = YES_ERROR;
				CLANG_WARN_UNREACHABLE_CODE = YES;
				CLANG_WARN__DUPLICATE_METHOD_MATCH = YES;
				"CODE_SIGN_IDENTITY[sdk=iphoneos*]" = "iPhone Developer";
				COPY_PHASE_STRIP = NO;
				DEBUG_INFORMATION_FORMAT = "dwarf-with-dsym";
				ENABLE_NS_ASSERTIONS = NO;
				ENABLE_STRICT_OBJC_MSGSEND = YES;
				GCC_C_LANGUAGE_STANDARD = gnu99;
				GCC_NO_COMMON_BLOCKS = YES;
				GCC_WARN_64_TO_32_BIT_CONVERSION = YES;
				GCC_WARN_ABOUT_RETURN_TYPE = YES_ERROR;
				GCC_WARN_UNDECLARED_SELECTOR = YES;
				GCC_WARN_UNINITIALIZED_AUTOS = YES_AGGRESSIVE;
				GCC_WARN_UNUSED_FUNCTION = YES;
				GCC_WARN_UNUSED_VARIABLE = YES;
				IPHONEOS_DEPLOYMENT_TARGET = 8.4;
				MTL_ENABLE_DEBUG_INFO = NO;
				SDKROOT = iphoneos;
				TARGETED_DEVICE_FAMILY = "1,2";
				VALIDATE_PRODUCT = YES;
			};
			name = Release;
		};
		6DFFAE3D1B569DE3006AD46B /* Debug */ = {
			isa = XCBuildConfiguration;
			buildSettings = {
				ASSETCATALOG_COMPILER_APPICON_NAME = AppIcon;
				FRAMEWORK_SEARCH_PATHS = (
					"$(inherited)",
					"$(PROJECT_DIR)/Carthage/Build/iOS",
				);
				INFOPLIST_FILE = Benchmarks/Info.plist;
				LD_RUNPATH_SEARCH_PATHS = "$(inherited) @executable_path/Frameworks";
				PRODUCT_BUNDLE_IDENTIFIER = "delba.$(PRODUCT_NAME:rfc1034identifier)";
				PRODUCT_NAME = "$(TARGET_NAME)";
			};
			name = Debug;
		};
		6DFFAE3E1B569DE3006AD46B /* Release */ = {
			isa = XCBuildConfiguration;
			buildSettings = {
				ASSETCATALOG_COMPILER_APPICON_NAME = AppIcon;
				FRAMEWORK_SEARCH_PATHS = (
					"$(inherited)",
					"$(PROJECT_DIR)/Carthage/Build/iOS",
				);
				INFOPLIST_FILE = Benchmarks/Info.plist;
				LD_RUNPATH_SEARCH_PATHS = "$(inherited) @executable_path/Frameworks";
				PRODUCT_BUNDLE_IDENTIFIER = "delba.$(PRODUCT_NAME:rfc1034identifier)";
				PRODUCT_NAME = "$(TARGET_NAME)";
			};
			name = Release;
		};
		6DFFAE401B569DE3006AD46B /* Debug */ = {
			isa = XCBuildConfiguration;
			buildSettings = {
				BUNDLE_LOADER = "$(TEST_HOST)";
				FRAMEWORK_SEARCH_PATHS = (
					"$(SDKROOT)/Developer/Library/Frameworks",
					"$(inherited)",
					"$(PROJECT_DIR)/Carthage/Build/iOS",
				);
				GCC_PREPROCESSOR_DEFINITIONS = (
					"DEBUG=1",
					"$(inherited)",
				);
				INFOPLIST_FILE = BenchmarksTests/Info.plist;
				LD_RUNPATH_SEARCH_PATHS = "$(inherited) @executable_path/Frameworks @loader_path/Frameworks";
				PRODUCT_BUNDLE_IDENTIFIER = "delba.$(PRODUCT_NAME:rfc1034identifier)";
				PRODUCT_NAME = "$(TARGET_NAME)";
				TEST_HOST = "$(BUILT_PRODUCTS_DIR)/Benchmarks.app/Benchmarks";
			};
			name = Debug;
		};
		6DFFAE411B569DE3006AD46B /* Release */ = {
			isa = XCBuildConfiguration;
			buildSettings = {
				BUNDLE_LOADER = "$(TEST_HOST)";
				FRAMEWORK_SEARCH_PATHS = (
					"$(SDKROOT)/Developer/Library/Frameworks",
					"$(inherited)",
					"$(PROJECT_DIR)/Carthage/Build/iOS",
				);
				INFOPLIST_FILE = BenchmarksTests/Info.plist;
				LD_RUNPATH_SEARCH_PATHS = "$(inherited) @executable_path/Frameworks @loader_path/Frameworks";
				PRODUCT_BUNDLE_IDENTIFIER = "delba.$(PRODUCT_NAME:rfc1034identifier)";
				PRODUCT_NAME = "$(TARGET_NAME)";
				TEST_HOST = "$(BUILT_PRODUCTS_DIR)/Benchmarks.app/Benchmarks";
			};
			name = Release;
		};
/* End XCBuildConfiguration section */

/* Begin XCConfigurationList section */
		6DFFAE181B569DE3006AD46B /* Build configuration list for PBXProject "Benchmarks" */ = {
			isa = XCConfigurationList;
			buildConfigurations = (
				6DFFAE3A1B569DE3006AD46B /* Debug */,
				6DFFAE3B1B569DE3006AD46B /* Release */,
			);
			defaultConfigurationIsVisible = 0;
			defaultConfigurationName = Release;
		};
		6DFFAE3C1B569DE3006AD46B /* Build configuration list for PBXNativeTarget "Benchmarks" */ = {
			isa = XCConfigurationList;
			buildConfigurations = (
				6DFFAE3D1B569DE3006AD46B /* Debug */,
				6DFFAE3E1B569DE3006AD46B /* Release */,
			);
			defaultConfigurationIsVisible = 0;
			defaultConfigurationName = Release;
		};
		6DFFAE3F1B569DE3006AD46B /* Build configuration list for PBXNativeTarget "BenchmarksTests" */ = {
			isa = XCConfigurationList;
			buildConfigurations = (
				6DFFAE401B569DE3006AD46B /* Debug */,
				6DFFAE411B569DE3006AD46B /* Release */,
			);
			defaultConfigurationIsVisible = 0;
			defaultConfigurationName = Release;
		};
/* End XCConfigurationList section */
	};
	rootObject = 6DFFAE151B569DE3006AD46B /* Project object */;
}
